
Microsoft Visual Studio Solution File, Format Version 12.00
# Visual Studio Version 17
VisualStudioVersion = 17.5.002.0
MinimumVisualStudioVersion = 10.0.40219.1
Project("{9A19103F-16F7-4668-BE54-9A1E7A4F7556}") = "server", "server\server.csproj", "{6AEF034D-76DD-45CC-A3A3-E3EDD98B85F4}"
EndProject
Global
	GlobalSection(SolutionConfigurationPlatforms) = preSolution
		Debug|Any CPU = Debug|Any CPU
		Release|Any CPU = Release|Any CPU
	EndGlobalSection
	GlobalSection(ProjectConfigurationPlatforms) = postSolution
		{6AEF034D-76DD-45CC-A3A3-E3EDD98B85F4}.Debug|Any CPU.ActiveCfg = Debug|Any CPU
		{6AEF034D-76DD-45CC-A3A3-E3EDD98B85F4}.Debug|Any CPU.Build.0 = Debug|Any CPU
		{6AEF034D-76DD-45CC-A3A3-E3EDD98B85F4}.Release|Any CPU.ActiveCfg = Release|Any CPU
		{6AEF034D-76DD-45CC-A3A3-E3EDD98B85F4}.Release|Any CPU.Build.0 = Release|Any CPU
	EndGlobalSection
	GlobalSection(SolutionProperties) = preSolution
		HideSolutionNode = FALSE
	EndGlobalSection
	GlobalSection(ExtensibilityGlobals) = postSolution
		SolutionGuid = {F39964C1-F6D0-4483-A0D8-92BFFF721D32}
	EndGlobalSection
EndGlobal
